
Microsoft Visual Studio Solution File, Format Version 12.00
# Visual Studio Version 17
VisualStudioVersion = 17.13.35825.156 d17.13
MinimumVisualStudioVersion = 10.0.40219.1
Project("{FAE04EC0-301F-11D3-BF4B-00C04F79EFBC}") = "Matrix2dLib", "Matrix2dLib\Matrix2dLib.csproj", "{10902429-D374-4227-B5A4-1AABB7C1A041}"
EndProject
Project("{FAE04EC0-301F-11D3-BF4B-00C04F79EFBC}") = "Matrix2dTest", "Matrix2dTest\Matrix2dTest.csproj", "{87792904-F826-4792-87AD-89717437EF71}"
EndProject
Project("{FAE04EC0-301F-11D3-BF4B-00C04F79EFBC}") = "Matrix2dConsola", "Matrix2dConsola\Matrix2dConsola.csproj", "{CE116F64-63B7-499A-B4C9-3F0613090172}"
EndProject
Global
	GlobalSection(SolutionConfigurationPlatforms) = preSolution
		Debug|Any CPU = Debug|Any CPU
		Release|Any CPU = Release|Any CPU
	EndGlobalSection
	GlobalSection(ProjectConfigurationPlatforms) = postSolution
		{10902429-D374-4227-B5A4-1AABB7C1A041}.Debug|Any CPU.ActiveCfg = Debug|Any CPU
		{10902429-D374-4227-B5A4-1AABB7C1A041}.Debug|Any CPU.Build.0 = Debug|Any CPU
		{10902429-D374-4227-B5A4-1AABB7C1A041}.Release|Any CPU.ActiveCfg = Release|Any CPU
		{10902429-D374-4227-B5A4-1AABB7C1A041}.Release|Any CPU.Build.0 = Release|Any CPU
		{87792904-F826-4792-87AD-89717437EF71}.Debug|Any CPU.ActiveCfg = Debug|Any CPU
		{87792904-F826-4792-87AD-89717437EF71}.Debug|Any CPU.Build.0 = Debug|Any CPU
		{87792904-F826-4792-87AD-89717437EF71}.Release|Any CPU.ActiveCfg = Release|Any CPU
		{87792904-F826-4792-87AD-89717437EF71}.Release|Any CPU.Build.0 = Release|Any CPU
		{CE116F64-63B7-499A-B4C9-3F0613090172}.Debug|Any CPU.ActiveCfg = Debug|Any CPU
		{CE116F64-63B7-499A-B4C9-3F0613090172}.Debug|Any CPU.Build.0 = Debug|Any CPU
		{CE116F64-63B7-499A-B4C9-3F0613090172}.Release|Any CPU.ActiveCfg = Release|Any CPU
		{CE116F64-63B7-499A-B4C9-3F0613090172}.Release|Any CPU.Build.0 = Release|Any CPU
	EndGlobalSection
	GlobalSection(SolutionProperties) = preSolution
		HideSolutionNode = FALSE
	EndGlobalSection
	GlobalSection(ExtensibilityGlobals) = postSolution
		SolutionGuid = {3C52D949-E425-4705-8D58-E42FB3AA1FDD}
	EndGlobalSection
EndGlobal
